PODS:
  - Alamofire (4.9.1)
  - Kingfisher (5.14.0):
    - Kingfisher/Core (= 5.14.0)
  - Kingfisher/Core (5.14.0)
  - SVProgressHUD (2.2.5)

DEPENDENCIES:
  - Alamofire (~> 4.9.1)
  - Kingfisher
  - SVProgressHUD

SPEC REPOS:
  trunk:
    - Alamofire
    - Kingfisher
    - SVProgressHUD

SPEC CHECKSUMS:
  Alamofire: 85e8a02c69d6020a0d734f6054870d7ecb75cf18
  Kingfisher: 7b64389a43139c903ec434788344c288217c792d
  SVProgressHUD: 1428aafac632c1f86f62aa4243ec12008d7a51d6

PODFILE CHECKSUM: a529561a5009b660c1145a727afb22f12ac38dbc

COCOAPODS: 1.8.4
